
Microsoft Visual Studio Solution File, Format Version 12.00
# Visual Studio 15
VisualStudioVersion = 15.0.28307.902
MinimumVisualStudioVersion = 10.0.40219.1
Project("{FAE04EC0-301F-11D3-BF4B-00C04F79EFBC}") = "SignalRDemo", "SignalRDemo\SignalRDemo.csproj", "{841DFCAA-A2D7-46CE-A91E-8FBF60502855}"
EndProject
Project("{2150E333-8FDC-42A3-9474-1A3956D46DE8}") = "Solution Items", "Solution Items", "{81FAE87D-9F67-4828-BFDD-340F0C5A3D3F}"
	ProjectSection(SolutionItems) = preProject
		Packages.txt = Packages.txt
	EndProjectSection
EndProject
Global
	GlobalSection(SolutionConfigurationPlatforms) = preSolution
		Debug|Any CPU = Debug|Any CPU
		Release|Any CPU = Release|Any CPU
	EndGlobalSection
	GlobalSection(ProjectConfigurationPlatforms) = postSolution
		{841DFCAA-A2D7-46CE-A91E-8FBF60502855}.Debug|Any CPU.ActiveCfg = Debug|Any CPU
		{841DFCAA-A2D7-46CE-A91E-8FBF60502855}.Debug|Any CPU.Build.0 = Debug|Any CPU
		{841DFCAA-A2D7-46CE-A91E-8FBF60502855}.Release|Any CPU.ActiveCfg = Release|Any CPU
		{841DFCAA-A2D7-46CE-A91E-8FBF60502855}.Release|Any CPU.Build.0 = Release|Any CPU
	EndGlobalSection
	GlobalSection(SolutionProperties) = preSolution
		HideSolutionNode = FALSE
	EndGlobalSection
	GlobalSection(ExtensibilityGlobals) = postSolution
		SolutionGuid = {134A58FE-9667-44D8-80B8-06C8BB4D55CB}
	EndGlobalSection
EndGlobal
